
Microsoft Visual Studio Solution File, Format Version 12.00
# Visual Studio Version 16
VisualStudioVersion = 16.0.30523.141
MinimumVisualStudioVersion = 10.0.40219.1
Project("{FAE04EC0-301F-11D3-BF4B-00C04F79EFBC}") = "Лабораторная работа.3", "Лабораторная работа.3\Лабораторная работа.3.csproj", "{5E6B5DC3-9766-434E-8A40-E2E37D18D100}"
EndProject
Global
	GlobalSection(SolutionConfigurationPlatforms) = preSolution
		Debug|Any CPU = Debug|Any CPU
		Release|Any CPU = Release|Any CPU
	EndGlobalSection
	GlobalSection(ProjectConfigurationPlatforms) = postSolution
		{5E6B5DC3-9766-434E-8A40-E2E37D18D100}.Debug|Any CPU.ActiveCfg = Debug|Any CPU
		{5E6B5DC3-9766-434E-8A40-E2E37D18D100}.Debug|Any CPU.Build.0 = Debug|Any CPU
		{5E6B5DC3-9766-434E-8A40-E2E37D18D100}.Release|Any CPU.ActiveCfg = Release|Any CPU
		{5E6B5DC3-9766-434E-8A40-E2E37D18D100}.Release|Any CPU.Build.0 = Release|Any CPU
	EndGlobalSection
	GlobalSection(SolutionProperties) = preSolution
		HideSolutionNode = FALSE
	EndGlobalSection
	GlobalSection(ExtensibilityGlobals) = postSolution
		SolutionGuid = {7532D944-143F-4556-A5A6-E2C9F4664006}
	EndGlobalSection
EndGlobal
